// !$*UTF8*$!
{
	archiveVersion = 1;
	classes = {
	};
	objectVersion = 55;
	objects = {

/* Begin PBXBuildFile section */
		9AABE8BB28B8FCF900D4FDE1 /* SwiftAuthViewApp.swift in Sources */ = {isa = PBXBuildFile; fileRef = 9AABE8BA28B8FCF900D4FDE1 /* SwiftAuthViewApp.swift */; };
		9AABE8BD28B8FCF900D4FDE1 /* ContentView.swift in Sources */ = {isa = PBXBuildFile; fileRef = 9AABE8BC28B8FCF900D4FDE1 /* ContentView.swift */; };
		9AABE8BF28B8FCFE00D4FDE1 /* Assets.xcassets in Resources */ = {isa = PBXBuildFile; fileRef = 9AABE8BE28B8FCFE00D4FDE1 /* Assets.xcassets */; };
		9AABE8C228B8FCFE00D4FDE1 /* Preview Assets.xcassets in Resources */ = {isa = PBXBuildFile; fileRef = 9AABE8C128B8FCFE00D4FDE1 /* Preview Assets.xcassets */; };
		9AABE8CA28B8FD2600D4FDE1 /* LoginView.swift in Sources */ = {isa = PBXBuildFile; fileRef = 9AABE8C928B8FD2600D4FDE1 /* LoginView.swift */; };
		9AABE8CC28B904CD00D4FDE1 /* SignupView.swift in Sources */ = {isa = PBXBuildFile; fileRef = 9AABE8CB28B904CD00D4FDE1 /* SignupView.swift */; };
		9AABE8CE28B908A100D4FDE1 /* CheckBoxView.swift in Sources */ = {isa = PBXBuildFile; fileRef = 9AABE8CD28B908A100D4FDE1 /* CheckBoxView.swift */; };
		9AABE8D028B90ABD00D4FDE1 /* TermServiceView.swift in Sources */ = {isa = PBXBuildFile; fileRef = 9AABE8CF28B90ABD00D4FDE1 /* TermServiceView.swift */; };
		9AABE8D228B90FAC00D4FDE1 /* ForgotPasswordView.swift in Sources */ = {isa = PBXBuildFile; fileRef = 9AABE8D128B90FAC00D4FDE1 /* ForgotPasswordView.swift */; };
		9AABE8D428B912C400D4FDE1 /* VerifyOtpView.swift in Sources */ = {isa = PBXBuildFile; fileRef = 9AABE8D328B912C400D4FDE1 /* VerifyOtpView.swift */; };
		9AABE8D628B9140A00D4FDE1 /* NewPasswordView.swift in Sources */ = {isa = PBXBuildFile; fileRef = 9AABE8D528B9140A00D4FDE1 /* NewPasswordView.swift */; };
		9AABE8D828B916E100D4FDE1 /* PrivacyView.swift in Sources */ = {isa = PBXBuildFile; fileRef = 9AABE8D728B916E100D4FDE1 /* PrivacyView.swift */; };
/* End PBXBuildFile section */

/* Begin PBXFileReference section */
		9AABE8B728B8FCF900D4FDE1 /* SwiftAuthView.app */ = {isa = PBXFileReference; explicitFileType = wrapper.application; includeInIndex = 0; path = SwiftAuthView.app; sourceTree = BUILT_PRODUCTS_DIR; };
		9AABE8BA28B8FCF900D4FDE1 /* SwiftAuthViewApp.swift */ = {isa = PBXFileReference; lastKnownFileType = sourcecode.swift; path = SwiftAuthViewApp.swift; sourceTree = "<group>"; };
		9AABE8BC28B8FCF900D4FDE1 /* ContentView.swift */ = {isa = PBXFileReference; lastKnownFileType = sourcecode.swift; path = ContentView.swift; sourceTree = "<group>"; };
		9AABE8BE28B8FCFE00D4FDE1 /* Assets.xcassets */ = {isa = PBXFileReference; lastKnownFileType = folder.assetcatalog; path = Assets.xcassets; sourceTree = "<group>"; };
		9AABE8C128B8FCFE00D4FDE1 /* Preview Assets.xcassets */ = {isa = PBXFileReference; lastKnownFileType = folder.assetcatalog; path = "Preview Assets.xcassets"; sourceTree = "<group>"; };
		9AABE8C928B8FD2600D4FDE1 /* LoginView.swift */ = {isa = PBXFileReference; lastKnownFileType = sourcecode.swift; path = LoginView.swift; sourceTree = "<group>"; };
		9AABE8CB28B904CD00D4FDE1 /* SignupView.swift */ = {isa = PBXFileReference; lastKnownFileType = sourcecode.swift; path = SignupView.swift; sourceTree = "<group>"; };
		9AABE8CD28B908A100D4FDE1 /* CheckBoxView.swift */ = {isa = PBXFileReference; lastKnownFileType = sourcecode.swift; path = CheckBoxView.swift; sourceTree = "<group>"; };
		9AABE8CF28B90ABD00D4FDE1 /* TermServiceView.swift */ = {isa = PBXFileReference; lastKnownFileType = sourcecode.swift; path = TermServiceView.swift; sourceTree = "<group>"; };
		9AABE8D128B90FAC00D4FDE1 /* ForgotPasswordView.swift */ = {isa = PBXFileReference; lastKnownFileType = sourcecode.swift; path = ForgotPasswordView.swift; sourceTree = "<group>"; };
		9AABE8D328B912C400D4FDE1 /* VerifyOtpView.swift */ = {isa = PBXFileReference; lastKnownFileType = sourcecode.swift; path = VerifyOtpView.swift; sourceTree = "<group>"; };
		9AABE8D528B9140A00D4FDE1 /* NewPasswordView.swift */ = {isa = PBXFileReference; lastKnownFileType = sourcecode.swift; path = NewPasswordView.swift; sourceTree = "<group>"; };
		9AABE8D728B916E100D4FDE1 /* PrivacyView.swift */ = {isa = PBXFileReference; lastKnownFileType = sourcecode.swift; path = PrivacyView.swift; sourceTree = "<group>"; };
/* End PBXFileReference section */

/* Begin PBXFrameworksBuildPhase section */
		9AABE8B428B8FCF900D4FDE1 /* Frameworks */ = {
			isa = PBXFrameworksBuildPhase;
			buildActionMask = 2147483647;
			files = (
			);
			runOnlyForDeploymentPostprocessing = 0;
		};
/* End PBXFrameworksBuildPhase section */

/* Begin PBXGroup section */
		9AABE8AE28B8FCF900D4FDE1 = {
			isa = PBXGroup;
			children = (
				9AABE8B928B8FCF900D4FDE1 /* SwiftAuthView */,
				9AABE8B828B8FCF900D4FDE1 /* Products */,
			);
			sourceTree = "<group>";
		};
		9AABE8B828B8FCF900D4FDE1 /* Products */ = {
			isa = PBXGroup;
			children = (
				9AABE8B728B8FCF900D4FDE1 /* SwiftAuthView.app */,
			);
			name = Products;
			sourceTree = "<group>";
		};
		9AABE8B928B8FCF900D4FDE1 /* SwiftAuthView */ = {
			isa = PBXGroup;
			children = (
				9AABE8C828B8FD1500D4FDE1 /* View */,
				9AABE8BA28B8FCF900D4FDE1 /* SwiftAuthViewApp.swift */,
				9AABE8BC28B8FCF900D4FDE1 /* ContentView.swift */,
				9AABE8BE28B8FCFE00D4FDE1 /* Assets.xcassets */,
				9AABE8C028B8FCFE00D4FDE1 /* Preview Content */,
			);
			path = SwiftAuthView;
			sourceTree = "<group>";
		};
		9AABE8C028B8FCFE00D4FDE1 /* Preview Content */ = {
			isa = PBXGroup;
			children = (
				9AABE8C128B8FCFE00D4FDE1 /* Preview Assets.xcassets */,
			);
			path = "Preview Content";
			sourceTree = "<group>";
		};
		9AABE8C828B8FD1500D4FDE1 /* View */ = {
			isa = PBXGroup;
			children = (
				9AABE8C928B8FD2600D4FDE1 /* LoginView.swift */,
				9AABE8CB28B904CD00D4FDE1 /* SignupView.swift */,
				9AABE8CD28B908A100D4FDE1 /* CheckBoxView.swift */,
				9AABE8CF28B90ABD00D4FDE1 /* TermServiceView.swift */,
				9AABE8D128B90FAC00D4FDE1 /* ForgotPasswordView.swift */,
				9AABE8D328B912C400D4FDE1 /* VerifyOtpView.swift */,
				9AABE8D528B9140A00D4FDE1 /* NewPasswordView.swift */,
				9AABE8D728B916E100D4FDE1 /* PrivacyView.swift */,
			);
			path = View;
			sourceTree = "<group>";
		};
/* End PBXGroup section */

/* Begin PBXNativeTarget section */
		9AABE8B628B8FCF900D4FDE1 /* SwiftAuthView */ = {
			isa = PBXNativeTarget;
			buildConfigurationList = 9AABE8C528B8FCFE00D4FDE1 /* Build configuration list for PBXNativeTarget "SwiftAuthView" */;
			buildPhases = (
				9AABE8B328B8FCF900D4FDE1 /* Sources */,
				9AABE8B428B8FCF900D4FDE1 /* Frameworks */,
				9AABE8B528B8FCF900D4FDE1 /* Resources */,
			);
			buildRules = (
			);
			dependencies = (
			);
			name = SwiftAuthView;
			productName = SwiftAuthView;
			productReference = 9AABE8B728B8FCF900D4FDE1 /* SwiftAuthView.app */;
			productType = "com.apple.product-type.application";
		};
/* End PBXNativeTarget section */

/* Begin PBXProject section */
		9AABE8AF28B8FCF900D4FDE1 /* Project object */ = {
			isa = PBXProject;
			attributes = {
				BuildIndependentTargetsInParallel = 1;
				LastSwiftUpdateCheck = 1340;
				LastUpgradeCheck = 1340;
				TargetAttributes = {
					9AABE8B628B8FCF900D4FDE1 = {
						CreatedOnToolsVersion = 13.4.1;
					};
				};
			};
			buildConfigurationList = 9AABE8B228B8FCF900D4FDE1 /* Build configuration list for PBXProject "SwiftAuthView" */;
			compatibilityVersion = "Xcode 13.0";
			developmentRegion = en;
			hasScannedForEncodings = 0;
			knownRegions = (
				en,
				Base,
			);
			mainGroup = 9AABE8AE28B8FCF900D4FDE1;
			productRefGroup = 9AABE8B828B8FCF900D4FDE1 /* Products */;
			projectDirPath = "";
			projectRoot = "";
			targets = (
				9AABE8B628B8FCF900D4FDE1 /* SwiftAuthView */,
			);
		};
/* End PBXProject section */

/* Begin PBXResourcesBuildPhase section */
		9AABE8B528B8FCF900D4FDE1 /* Resources */ = {
			isa = PBXResourcesBuildPhase;
			buildActionMask = 2147483647;
			files = (
				9AABE8C228B8FCFE00D4FDE1 /* Preview Assets.xcassets in Resources */,
				9AABE8BF28B8FCFE00D4FDE1 /* Assets.xcassets in Resources */,
			);
			runOnlyForDeploymentPostprocessing = 0;
		};
/* End PBXResourcesBuildPhase section */

/* Begin PBXSourcesBuildPhase section */
		9AABE8B328B8FCF900D4FDE1 /* Sources */ = {
			isa = PBXSourcesBuildPhase;
			buildActionMask = 2147483647;
			files = (
				9AABE8D628B9140A00D4FDE1 /* NewPasswordView.swift in Sources */,
				9AABE8CC28B904CD00D4FDE1 /* SignupView.swift in Sources */,
				9AABE8D428B912C400D4FDE1 /* VerifyOtpView.swift in Sources */,
				9AABE8CE28B908A100D4FDE1 /* CheckBoxView.swift in Sources */,
				9AABE8D028B90ABD00D4FDE1 /* TermServiceView.swift in Sources */,
				9AABE8CA28B8FD2600D4FDE1 /* LoginView.swift in Sources */,
				9AABE8D228B90FAC00D4FDE1 /* ForgotPasswordView.swift in Sources */,
				9AABE8BD28B8FCF900D4FDE1 /* ContentView.swift in Sources */,
				9AABE8BB28B8FCF900D4FDE1 /* SwiftAuthViewApp.swift in Sources */,
				9AABE8D828B916E100D4FDE1 /* PrivacyView.swift in Sources */,
			);
			runOnlyForDeploymentPostprocessing = 0;
		};
/* End PBXSourcesBuildPhase section */

/* Begin XCBuildConfiguration section */
		9AABE8C328B8FCFE00D4FDE1 /* Debug */ = {
			isa = XCBuildConfiguration;
			buildSettings = {
				ALWAYS_SEARCH_USER_PATHS = NO;
				CLANG_ANALYZER_NONNULL = YES;
				CLANG_ANALYZER_NUMBER_OBJECT_CONVERSION = YES_AGGRESSIVE;
				CLANG_CXX_LANGUAGE_STANDARD = "gnu++17";
				CLANG_ENABLE_MODULES = YES;
				CLANG_ENABLE_OBJC_ARC = YES;
				CLANG_ENABLE_OBJC_WEAK = YES;
				CLANG_WARN_BLOCK_CAPTURE_AUTORELEASING = YES;
				CLANG_WARN_BOOL_CONVERSION = YES;
				CLANG_WARN_COMMA = YES;
				CLANG_WARN_CONSTANT_CONVERSION = YES;
				CLANG_WARN_DEPRECATED_OBJC_IMPLEMENTATIONS = YES;
				CLANG_WARN_DIRECT_OBJC_ISA_USAGE = YES_ERROR;
				CLANG_WARN_DOCUMENTATION_COMMENTS = YES;
				CLANG_WARN_EMPTY_BODY = YES;
				CLANG_WARN_ENUM_CONVERSION = YES;
				CLANG_WARN_INFINITE_RECURSION = YES;
				CLANG_WARN_INT_CONVERSION = YES;
				CLANG_WARN_NON_LITERAL_NULL_CONVERSION = YES;
				CLANG_WARN_OBJC_IMPLICIT_RETAIN_SELF = YES;
				CLANG_WARN_OBJC_LITERAL_CONVERSION = YES;
				CLANG_WARN_OBJC_ROOT_CLASS = YES_ERROR;
				CLANG_WARN_QUOTED_INCLUDE_IN_FRAMEWORK_HEADER = YES;
				CLANG_WARN_RANGE_LOOP_ANALYSIS = YES;
				CLANG_WARN_STRICT_PROTOTYPES = YES;
				CLANG_WARN_SUSPICIOUS_MOVE = YES;
				CLANG_WARN_UNGUARDED_AVAILABILITY = YES_AGGRESSIVE;
				CLANG_WARN_UNREACHABLE_CODE = YES;
				CLANG_WARN__DUPLICATE_METHOD_MATCH = YES;
				COPY_PHASE_STRIP = NO;
				DEBUG_INFORMATION_FORMAT = dwarf;
				ENABLE_STRICT_OBJC_MSGSEND = YES;
				ENABLE_TESTABILITY = YES;
				GCC_C_LANGUAGE_STANDARD = gnu11;
				GCC_DYNAMIC_NO_PIC = NO;
				GCC_NO_COMMON_BLOCKS = YES;
				GCC_OPTIMIZATION_LEVEL = 0;
				GCC_PREPROCESSOR_DEFINITIONS = (
					"DEBUG=1",
					"$(inherited)",
				);
				GCC_WARN_64_TO_32_BIT_CONVERSION = YES;
				GCC_WARN_ABOUT_RETURN_TYPE = YES_ERROR;
				GCC_WARN_UNDECLARED_SELECTOR = YES;
				GCC_WARN_UNINITIALIZED_AUTOS = YES_AGGRESSIVE;
				GCC_WARN_UNUSED_FUNCTION = YES;
				GCC_WARN_UNUSED_VARIABLE = YES;
				IPHONEOS_DEPLOYMENT_TARGET = 15.5;
				MTL_ENABLE_DEBUG_INFO = INCLUDE_SOURCE;
				MTL_FAST_MATH = YES;
				ONLY_ACTIVE_ARCH = YES;
				SDKROOT = iphoneos;
				SWIFT_ACTIVE_COMPILATION_CONDITIONS = DEBUG;
				SWIFT_OPTIMIZATION_LEVEL = "-Onone";
			};
			name = Debug;
		};
		9AABE8C428B8FCFE00D4FDE1 /* Release */ = {
			isa = XCBuildConfiguration;
			buildSettings = {
				ALWAYS_SEARCH_USER_PATHS = NO;
				CLANG_ANALYZER_NONNULL = YES;
				CLANG_ANALYZER_NUMBER_OBJECT_CONVERSION = YES_AGGRESSIVE;
				CLANG_CXX_LANGUAGE_STANDARD = "gnu++17";
				CLANG_ENABLE_MODULES = YES;
				CLANG_ENABLE_OBJC_ARC = YES;
				CLANG_ENABLE_OBJC_WEAK = YES;
				CLANG_WARN_BLOCK_CAPTURE_AUTORELEASING = YES;
				CLANG_WARN_BOOL_CONVERSION = YES;
				CLANG_WARN_COMMA = YES;
				CLANG_WARN_CONSTANT_CONVERSION = YES;
				CLANG_WARN_DEPRECATED_OBJC_IMPLEMENTATIONS = YES;
				CLANG_WARN_DIRECT_OBJC_ISA_USAGE = YES_ERROR;
				CLANG_WARN_DOCUMENTATION_COMMENTS = YES;
				CLANG_WARN_EMPTY_BODY = YES;
				CLANG_WARN_ENUM_CONVERSION = YES;
				CLANG_WARN_INFINITE_RECURSION = YES;
				CLANG_WARN_INT_CONVERSION = YES;
				CLANG_WARN_NON_LITERAL_NULL_CONVERSION = YES;
				CLANG_WARN_OBJC_IMPLICIT_RETAIN_SELF = YES;
				CLANG_WARN_OBJC_LITERAL_CONVERSION = YES;
				CLANG_WARN_OBJC_ROOT_CLASS = YES_ERROR;
				CLANG_WARN_QUOTED_INCLUDE_IN_FRAMEWORK_HEADER = YES;
				CLANG_WARN_RANGE_LOOP_ANALYSIS = YES;
				CLANG_WARN_STRICT_PROTOTYPES = YES;
				CLANG_WARN_SUSPICIOUS_MOVE = YES;
				CLANG_WARN_UNGUARDED_AVAILABILITY = YES_AGGRESSIVE;
				CLANG_WARN_UNREACHABLE_CODE = YES;
				CLANG_WARN__DUPLICATE_METHOD_MATCH = YES;
				COPY_PHASE_STRIP = NO;
				DEBUG_INFORMATION_FORMAT = "dwarf-with-dsym";
				ENABLE_NS_ASSERTIONS = NO;
				ENABLE_STRICT_OBJC_MSGSEND = YES;
				GCC_C_LANGUAGE_STANDARD = gnu11;
				GCC_NO_COMMON_BLOCKS = YES;
				GCC_WARN_64_TO_32_BIT_CONVERSION = YES;
				GCC_WARN_ABOUT_RETURN_TYPE = YES_ERROR;
				GCC_WARN_UNDECLARED_SELECTOR = YES;
				GCC_WARN_UNINITIALIZED_AUTOS = YES_AGGRESSIVE;
				GCC_WARN_UNUSED_FUNCTION = YES;
				GCC_WARN_UNUSED_VARIABLE = YES;
				IPHONEOS_DEPLOYMENT_TARGET = 15.5;
				MTL_ENABLE_DEBUG_INFO = NO;
				MTL_FAST_MATH = YES;
				SDKROOT = iphoneos;
				SWIFT_COMPILATION_MODE = wholemodule;
				SWIFT_OPTIMIZATION_LEVEL = "-O";
				VALIDATE_PRODUCT = YES;
			};
			name = Release;
		};
		9AABE8C628B8FCFE00D4FDE1 /* Debug */ = {
			isa = XCBuildConfiguration;
			buildSettings = {
				ASSETCATALOG_COMPILER_APPICON_NAME = AppIcon;
				ASSETCATALOG_COMPILER_GLOBAL_ACCENT_COLOR_NAME = AccentColor;
				CODE_SIGN_STYLE = Automatic;
				CURRENT_PROJECT_VERSION = 1;
				DEVELOPMENT_ASSET_PATHS = "\"SwiftAuthView/Preview Content\"";
				ENABLE_PREVIEWS = YES;
				GENERATE_INFOPLIST_FILE = YES;
				INFOPLIST_KEY_UIApplicationSceneManifest_Generation = YES;
				INFOPLIST_KEY_UIApplicationSupportsIndirectInputEvents = YES;
				INFOPLIST_KEY_UILaunchScreen_Generation = YES;
				INFOPLIST_KEY_UISupportedInterfaceOrientations_iPad = "UIInterfaceOrientationPortrait UIInterfaceOrientationPortraitUpsideDown UIInterfaceOrientationLandscapeLeft UIInterfaceOrientationLandscapeRight";
				INFOPLIST_KEY_UISupportedInterfaceOrientations_iPhone = "UIInterfaceOrientationPortrait UIInterfaceOrientationLandscapeLeft UIInterfaceOrientationLandscapeRight";
				LD_RUNPATH_SEARCH_PATHS = (
					"$(inherited)",
					"@executable_path/Frameworks",
				);
				MARKETING_VERSION = 1.0;
				PRODUCT_BUNDLE_IDENTIFIER = msholehdev.SwiftAuthView;
				PRODUCT_NAME = "$(TARGET_NAME)";
				SWIFT_EMIT_LOC_STRINGS = YES;
				SWIFT_VERSION = 5.0;
				TARGETED_DEVICE_FAMILY = "1,2";
			};
			name = Debug;
		};
		9AABE8C728B8FCFE00D4FDE1 /* Release */ = {
			isa = XCBuildConfiguration;
			buildSettings = {
				ASSETCATALOG_COMPILER_APPICON_NAME = AppIcon;
				ASSETCATALOG_COMPILER_GLOBAL_ACCENT_COLOR_NAME = AccentColor;
				CODE_SIGN_STYLE = Automatic;
				CURRENT_PROJECT_VERSION = 1;
				DEVELOPMENT_ASSET_PATHS = "\"SwiftAuthView/Preview Content\"";
				ENABLE_PREVIEWS = YES;
				GENERATE_INFOPLIST_FILE = YES;
				INFOPLIST_KEY_UIApplicationSceneManifest_Generation = YES;
				INFOPLIST_KEY_UIApplicationSupportsIndirectInputEvents = YES;
				INFOPLIST_KEY_UILaunchScreen_Generation = YES;
				INFOPLIST_KEY_UISupportedInterfaceOrientations_iPad = "UIInterfaceOrientationPortrait UIInterfaceOrientationPortraitUpsideDown UIInterfaceOrientationLandscapeLeft UIInterfaceOrientationLandscapeRight";
				INFOPLIST_KEY_UISupportedInterfaceOrientations_iPhone = "UIInterfaceOrientationPortrait UIInterfaceOrientationLandscapeLeft UIInterfaceOrientationLandscapeRight";
				LD_RUNPATH_SEARCH_PATHS = (
					"$(inherited)",
					"@executable_path/Frameworks",
				);
				MARKETING_VERSION = 1.0;
				PRODUCT_BUNDLE_IDENTIFIER = msholehdev.SwiftAuthView;
				PRODUCT_NAME = "$(TARGET_NAME)";
				SWIFT_EMIT_LOC_STRINGS = YES;
				SWIFT_VERSION = 5.0;
				TARGETED_DEVICE_FAMILY = "1,2";
			};
			name = Release;
		};
/* End XCBuildConfiguration section */

/* Begin XCConfigurationList section */
		9AABE8B228B8FCF900D4FDE1 /* Build configuration list for PBXProject "SwiftAuthView" */ = {
			isa = XCConfigurationList;
			buildConfigurations = (
				9AABE8C328B8FCFE00D4FDE1 /* Debug */,
				9AABE8C428B8FCFE00D4FDE1 /* Release */,
			);
			defaultConfigurationIsVisible = 0;
			defaultConfigurationName = Release;
		};
		9AABE8C528B8FCFE00D4FDE1 /* Build configuration list for PBXNativeTarget "SwiftAuthView" */ = {
			isa = XCConfigurationList;
			buildConfigurations = (
				9AABE8C628B8FCFE00D4FDE1 /* Debug */,
				9AABE8C728B8FCFE00D4FDE1 /* Release */,
			);
			defaultConfigurationIsVisible = 0;
			defaultConfigurationName = Release;
		};
/* End XCConfigurationList section */
	};
	rootObject = 9AABE8AF28B8FCF900D4FDE1 /* Project object */;
}
